
Microsoft Visual Studio Solution File, Format Version 11.00
# Visual Studio 2010
Project("{FAE04EC0-301F-11D3-BF4B-00C04F79EFBC}") = "UPC.IFCDC.BC", "UPC-IFCDC-BC\UPC.IFCDC.BC.csproj", "{A7CB4CDB-C60D-476E-A52D-B6250F104448}"
EndProject
Project("{FAE04EC0-301F-11D3-BF4B-00C04F79EFBC}") = "UPC.IFCDC.Utilitarios", "UPC.IFCDC.Utilitarios\UPC.IFCDC.Utilitarios.csproj", "{DC283C3F-DC9C-4F6F-BE5F-690041DC34B7}"
EndProject
Project("{FAE04EC0-301F-11D3-BF4B-00C04F79EFBC}") = "UPC.IFCDC.UI", "UPC.IFCDC.UI\UPC.IFCDC.UI.csproj", "{9EA78E5F-25FF-4888-8FCA-1979E81CD216}"
EndProject
Global
	GlobalSection(SolutionConfigurationPlatforms) = preSolution
		Debug|Any CPU = Debug|Any CPU
		Release|Any CPU = Release|Any CPU
	EndGlobalSection
	GlobalSection(ProjectConfigurationPlatforms) = postSolution
		{A7CB4CDB-C60D-476E-A52D-B6250F104448}.Debug|Any CPU.ActiveCfg = Debug|Any CPU
		{A7CB4CDB-C60D-476E-A52D-B6250F104448}.Debug|Any CPU.Build.0 = Debug|Any CPU
		{A7CB4CDB-C60D-476E-A52D-B6250F104448}.Release|Any CPU.ActiveCfg = Release|Any CPU
		{A7CB4CDB-C60D-476E-A52D-B6250F104448}.Release|Any CPU.Build.0 = Release|Any CPU
		{DC283C3F-DC9C-4F6F-BE5F-690041DC34B7}.Debug|Any CPU.ActiveCfg = Debug|Any CPU
		{DC283C3F-DC9C-4F6F-BE5F-690041DC34B7}.Debug|Any CPU.Build.0 = Debug|Any CPU
		{DC283C3F-DC9C-4F6F-BE5F-690041DC34B7}.Release|Any CPU.ActiveCfg = Release|Any CPU
		{DC283C3F-DC9C-4F6F-BE5F-690041DC34B7}.Release|Any CPU.Build.0 = Release|Any CPU
		{9EA78E5F-25FF-4888-8FCA-1979E81CD216}.Debug|Any CPU.ActiveCfg = Debug|Any CPU
		{9EA78E5F-25FF-4888-8FCA-1979E81CD216}.Debug|Any CPU.Build.0 = Debug|Any CPU
		{9EA78E5F-25FF-4888-8FCA-1979E81CD216}.Release|Any CPU.ActiveCfg = Release|Any CPU
		{9EA78E5F-25FF-4888-8FCA-1979E81CD216}.Release|Any CPU.Build.0 = Release|Any CPU
	EndGlobalSection
	GlobalSection(SolutionProperties) = preSolution
		HideSolutionNode = FALSE
	EndGlobalSection
EndGlobal
